
Microsoft Visual Studio Solution File, Format Version 12.00
# Visual Studio Version 17
VisualStudioVersion = 17.11.35222.181
MinimumVisualStudioVersion = 10.0.40219.1
Project("{FAE04EC0-301F-11D3-BF4B-00C04F79EFBC}") = "RoomCalculator", "RoomCalculator.csproj", "{C802BF32-0214-476B-A9FE-4FD346A5886A}"
EndProject
Global
	GlobalSection(SolutionConfigurationPlatforms) = preSolution
		Debug|Any CPU = Debug|Any CPU
		Release|Any CPU = Release|Any CPU
	EndGlobalSection
	GlobalSection(ProjectConfigurationPlatforms) = postSolution
		{C802BF32-0214-476B-A9FE-4FD346A5886A}.Debug|Any CPU.ActiveCfg = Debug|Any CPU
		{C802BF32-0214-476B-A9FE-4FD346A5886A}.Debug|Any CPU.Build.0 = Debug|Any CPU
		{C802BF32-0214-476B-A9FE-4FD346A5886A}.Release|Any CPU.ActiveCfg = Release|Any CPU
		{C802BF32-0214-476B-A9FE-4FD346A5886A}.Release|Any CPU.Build.0 = Release|Any CPU
	EndGlobalSection
	GlobalSection(SolutionProperties) = preSolution
		HideSolutionNode = FALSE
	EndGlobalSection
	GlobalSection(ExtensibilityGlobals) = postSolution
		SolutionGuid = {FDBD9A01-A4BF-429F-A3AB-024EBD7470BC}
	EndGlobalSection
EndGlobal
